// !$*UTF8*$!
{
	archiveVersion = 1;
	classes = {
	};
	objectVersion = 56;
	objects = {

/* Begin PBXBuildFile section */
		E0571D47B35541BCBAEFC46B /* FinanceApp.swift in Sources */ = {isa = PBXBuildFile; fileRef = EF766442653C438293CC0C5D /* FinanceApp.swift */; };
		F449C90D5036484FB22DD932 /* ContentView.swift in Sources */ = {isa = PBXBuildFile; fileRef = 2D4C730906A644DC837867DB /* ContentView.swift */; };
		F2C5492553DF4B92AA92D16C /* Portfolio.swift in Sources */ = {isa = PBXBuildFile; fileRef = 473D2B4067D142F2A2C45A33 /* Portfolio.swift */; };
		66B7520819D5483B958D0856 /* Models.swift in Sources */ = {isa = PBXBuildFile; fileRef = 73726A8D522F4F929C007C02 /* Models.swift */; };
		C570C3D396394F26AC8DDE7D /* Editors.swift in Sources */ = {isa = PBXBuildFile; fileRef = 285FDE10B2E64BF885533CE6 /* Editors.swift */; };
		CF93E2B4331F4B008B545BE9 /* Assets.xcassets in Resources */ = {isa = PBXBuildFile; fileRef = 0ACEF765DE7D48D9943D7D84 /* Assets.xcassets */; };
/* End PBXBuildFile section */

/* Begin PBXFileReference section */
		FDFCB427774A44B9832BED06 /* Finance.app */ = {isa = PBXFileReference; explicitFileType = wrapper.application; includeInIndex = 0; path = Finance.app; sourceTree = BUILT_PRODUCTS_DIR; };
		EF766442653C438293CC0C5D /* FinanceApp.swift */ = {isa = PBXFileReference; lastKnownFileType = sourcecode.swift; path = FinanceApp.swift; sourceTree = "<group>"; };
		2D4C730906A644DC837867DB /* ContentView.swift */ = {isa = PBXFileReference; lastKnownFileType = sourcecode.swift; path = ContentView.swift; sourceTree = "<group>"; };
		473D2B4067D142F2A2C45A33 /* Portfolio.swift */ = {isa = PBXFileReference; lastKnownFileType = sourcecode.swift; path = Portfolio.swift; sourceTree = "<group>"; };
		73726A8D522F4F929C007C02 /* Models.swift */ = {isa = PBXFileReference; lastKnownFileType = sourcecode.swift; path = Models.swift; sourceTree = "<group>"; };
		285FDE10B2E64BF885533CE6 /* Editors.swift */ = {isa = PBXFileReference; lastKnownFileType = sourcecode.swift; path = Editors.swift; sourceTree = "<group>"; };
		0ACEF765DE7D48D9943D7D84 /* Assets.xcassets */ = {isa = PBXFileReference; lastKnownFileType = folder.assetcatalog; path = Assets.xcassets; sourceTree = "<group>"; };
/* End PBXFileReference section */

/* Begin PBXFrameworksBuildPhase section */
		625397711B5D417288C5BC9A /* Frameworks */ = {
			isa = PBXFrameworksBuildPhase;
			buildActionMask = 2147483647;
			files = (
			);
			runOnlyForDeploymentPostprocessing = 0;
		};
/* End PBXFrameworksBuildPhase section */

/* Begin PBXGroup section */
		DDDD3BD248764C4CAE91C1BA = {
			isa = PBXGroup;
			children = (
				41EDC42BF28445F5B0ACD697 /* Finance */,
				4FD8560B4492478E8FACE690 /* Products */,
			);
			sourceTree = "<group>";
		};
		41EDC42BF28445F5B0ACD697 /* Finance */ = {
			isa = PBXGroup;
			children = (
				EF766442653C438293CC0C5D /* FinanceApp.swift */,
				2D4C730906A644DC837867DB /* ContentView.swift */,
				473D2B4067D142F2A2C45A33 /* Portfolio.swift */,
				73726A8D522F4F929C007C02 /* Models.swift */,
				285FDE10B2E64BF885533CE6 /* Editors.swift */,
				0ACEF765DE7D48D9943D7D84 /* Assets.xcassets */,
			);
			path = Finance;
			sourceTree = "<group>";
		};
		4FD8560B4492478E8FACE690 /* Products */ = {
			isa = PBXGroup;
			children = (
				FDFCB427774A44B9832BED06 /* Finance.app */,
			);
			name = Products;
			sourceTree = "<group>";
		};
/* End PBXGroup section */

/* Begin PBXNativeTarget section */
		FB405F6252524D6298972D4E /* Finance */ = {
			isa = PBXNativeTarget;
			buildConfigurationList = 7F00C31F4EE44618ADD9BFE1 /* Build configuration list for PBXNativeTarget "Finance" */;
			buildPhases = (
				D5A2C19AEDFB487BBC23C290 /* Sources */,
				625397711B5D417288C5BC9A /* Frameworks */,
				C7FD77CD99B34E76B74859AE /* Resources */,
			);
			buildRules = (
			);
			dependencies = (
			);
			name = Finance;
			productName = Finance;
			productReference = FDFCB427774A44B9832BED06 /* Finance.app */;
			productType = "com.apple.product-type.application";
		};
/* End PBXNativeTarget section */

/* Begin PBXProject section */
		9DDE7FCF8E0740E8AA017551 /* Project object */ = {
			isa = PBXProject;
			attributes = {
				BuildIndependentTargetsInParallel = 1;
				LastSwiftUpdateCheck = 1600;
				LastUpgradeCheck = 1600;
			};
			buildConfigurationList = C5C6B7878ECE4B7189961407 /* Build configuration list for PBXProject "Finance" */;
			compatibilityVersion = "Xcode 14.0";
			developmentRegion = "zh-Hant";
			hasScannedForEncodings = 0;
			knownRegions = (
				en,
				Base,
				"zh-Hant",
			);
			mainGroup = DDDD3BD248764C4CAE91C1BA;
			productRefGroup = 4FD8560B4492478E8FACE690 /* Products */;
			projectDirPath = "";
			projectRoot = "";
			targets = (
				FB405F6252524D6298972D4E /* Finance */,
			);
		};
/* End PBXProject section */

/* Begin PBXResourcesBuildPhase section */
		C7FD77CD99B34E76B74859AE /* Resources */ = {
			isa = PBXResourcesBuildPhase;
			buildActionMask = 2147483647;
			files = (
				CF93E2B4331F4B008B545BE9 /* Assets.xcassets in Resources */,
			);
			runOnlyForDeploymentPostprocessing = 0;
		};
/* End PBXResourcesBuildPhase section */

/* Begin PBXSourcesBuildPhase section */
		D5A2C19AEDFB487BBC23C290 /* Sources */ = {
			isa = PBXSourcesBuildPhase;
			buildActionMask = 2147483647;
			files = (
				E0571D47B35541BCBAEFC46B /* FinanceApp.swift in Sources */,
				F449C90D5036484FB22DD932 /* ContentView.swift in Sources */,
				F2C5492553DF4B92AA92D16C /* Portfolio.swift in Sources */,
				66B7520819D5483B958D0856 /* Models.swift in Sources */,
				C570C3D396394F26AC8DDE7D /* Editors.swift in Sources */,
			);
			runOnlyForDeploymentPostprocessing = 0;
		};
/* End PBXSourcesBuildPhase section */

/* Begin XCBuildConfiguration section */
		19F3F598ED9F4E40ADEEFAF6 /* Debug */ = {
			isa = XCBuildConfiguration;
			buildSettings = {
				ALWAYS_SEARCH_USER_PATHS = NO;
				CLANG_ENABLE_MODULES = YES;
				COPY_PHASE_STRIP = NO;
				DEBUG_INFORMATION_FORMAT = dwarf;
				ENABLE_TESTABILITY = YES;
				GCC_DYNAMIC_NO_PIC = NO;
				IPHONEOS_DEPLOYMENT_TARGET = 18.0;
				ONLY_ACTIVE_ARCH = YES;
				SDKROOT = iphoneos;
				SWIFT_ACTIVE_COMPILATION_CONDITIONS = "DEBUG $(inherited)";
				SWIFT_OPTIMIZATION_LEVEL = "-Onone";
			};
			name = Debug;
		};
		AE221A61684141EABB555B93 /* Release */ = {
			isa = XCBuildConfiguration;
			buildSettings = {
				ALWAYS_SEARCH_USER_PATHS = NO;
				CLANG_ENABLE_MODULES = YES;
				COPY_PHASE_STRIP = NO;
				DEBUG_INFORMATION_FORMAT = "dwarf-with-dsym";
				IPHONEOS_DEPLOYMENT_TARGET = 18.0;
				SDKROOT = iphoneos;
				SWIFT_COMPILATION_MODE = wholemodule;
				VALIDATE_PRODUCT = YES;
			};
			name = Release;
		};
		20C008BAF850485E92CD4047 /* Debug */ = {
			isa = XCBuildConfiguration;
			buildSettings = {
				ASSETCATALOG_COMPILER_APPICON_NAME = AppIcon;
				ASSETCATALOG_COMPILER_GLOBAL_ACCENT_COLOR_NAME = AccentColor;
				CODE_SIGN_STYLE = Automatic;
				CURRENT_PROJECT_VERSION = 1;
				ENABLE_PREVIEWS = YES;
				GENERATE_INFOPLIST_FILE = YES;
				INFOPLIST_KEY_CFBundleDisplayName = Finance;
				INFOPLIST_KEY_UIApplicationSceneManifest_Generation = YES;
				INFOPLIST_KEY_UILaunchScreen_Generation = YES;
				INFOPLIST_KEY_UISupportedInterfaceOrientations = UIInterfaceOrientationPortrait;
				LD_RUNPATH_SEARCH_PATHS = (
					"$(inherited)",
					"@executable_path/Frameworks",
				);
				MARKETING_VERSION = 1.0;
				PRODUCT_BUNDLE_IDENTIFIER = com.deanaa776622.finance;
				PRODUCT_NAME = "$(TARGET_NAME)";
				SUPPORTED_PLATFORMS = "iphoneos iphonesimulator";
				SUPPORTS_MACCATALYST = NO;
				SWIFT_EMIT_LOC_STRINGS = YES;
				SWIFT_VERSION = 5.0;
				TARGETED_DEVICE_FAMILY = 1;
			};
			name = Debug;
		};
		B8AA05644FFB4FD2A1EA4172 /* Release */ = {
			isa = XCBuildConfiguration;
			buildSettings = {
				ASSETCATALOG_COMPILER_APPICON_NAME = AppIcon;
				ASSETCATALOG_COMPILER_GLOBAL_ACCENT_COLOR_NAME = AccentColor;
				CODE_SIGN_STYLE = Automatic;
				CURRENT_PROJECT_VERSION = 1;
				ENABLE_PREVIEWS = YES;
				GENERATE_INFOPLIST_FILE = YES;
				INFOPLIST_KEY_CFBundleDisplayName = Finance;
				INFOPLIST_KEY_UIApplicationSceneManifest_Generation = YES;
				INFOPLIST_KEY_UILaunchScreen_Generation = YES;
				INFOPLIST_KEY_UISupportedInterfaceOrientations = UIInterfaceOrientationPortrait;
				LD_RUNPATH_SEARCH_PATHS = (
					"$(inherited)",
					"@executable_path/Frameworks",
				);
				MARKETING_VERSION = 1.0;
				PRODUCT_BUNDLE_IDENTIFIER = com.deanaa776622.finance;
				PRODUCT_NAME = "$(TARGET_NAME)";
				SUPPORTED_PLATFORMS = "iphoneos iphonesimulator";
				SUPPORTS_MACCATALYST = NO;
				SWIFT_EMIT_LOC_STRINGS = YES;
				SWIFT_VERSION = 5.0;
				TARGETED_DEVICE_FAMILY = 1;
			};
			name = Release;
		};
/* End XCBuildConfiguration section */

/* Begin XCConfigurationList section */
		C5C6B7878ECE4B7189961407 /* Build configuration list for PBXProject "Finance" */ = {
			isa = XCConfigurationList;
			buildConfigurations = (
				19F3F598ED9F4E40ADEEFAF6 /* Debug */,
				AE221A61684141EABB555B93 /* Release */,
			);
			defaultConfigurationIsVisible = 0;
			defaultConfigurationName = Release;
		};
		7F00C31F4EE44618ADD9BFE1 /* Build configuration list for PBXNativeTarget "Finance" */ = {
			isa = XCConfigurationList;
			buildConfigurations = (
				20C008BAF850485E92CD4047 /* Debug */,
				B8AA05644FFB4FD2A1EA4172 /* Release */,
			);
			defaultConfigurationIsVisible = 0;
			defaultConfigurationName = Release;
		};
/* End XCConfigurationList section */
	};
	rootObject = 9DDE7FCF8E0740E8AA017551 /* Project object */;
}
